
Microsoft Visual Studio Solution File, Format Version 12.00
# Visual Studio Version 17
VisualStudioVersion = 17.4.33110.190
MinimumVisualStudioVersion = 10.0.40219.1
Project("{FAE04EC0-301F-11D3-BF4B-00C04F79EFBC}") = "2ITCBarvicky", "2ITCBarvicky\2ITCBarvicky.csproj", "{DEFA92BC-C91D-4CC7-BFCD-99A87E54D23E}"
EndProject
Global
	GlobalSection(SolutionConfigurationPlatforms) = preSolution
		Debug|Any CPU = Debug|Any CPU
		Release|Any CPU = Release|Any CPU
	EndGlobalSection
	GlobalSection(ProjectConfigurationPlatforms) = postSolution
		{DEFA92BC-C91D-4CC7-BFCD-99A87E54D23E}.Debug|Any CPU.ActiveCfg = Debug|Any CPU
		{DEFA92BC-C91D-4CC7-BFCD-99A87E54D23E}.Debug|Any CPU.Build.0 = Debug|Any CPU
		{DEFA92BC-C91D-4CC7-BFCD-99A87E54D23E}.Release|Any CPU.ActiveCfg = Release|Any CPU
		{DEFA92BC-C91D-4CC7-BFCD-99A87E54D23E}.Release|Any CPU.Build.0 = Release|Any CPU
	EndGlobalSection
	GlobalSection(SolutionProperties) = preSolution
		HideSolutionNode = FALSE
	EndGlobalSection
	GlobalSection(ExtensibilityGlobals) = postSolution
		SolutionGuid = {DB8F99E6-B16F-46A6-BC65-600473347B3F}
	EndGlobalSection
EndGlobal
